
Microsoft Visual Studio Solution File, Format Version 12.00
# Visual Studio Version 17
VisualStudioVersion = 17.3.32929.385
MinimumVisualStudioVersion = 10.0.40219.1
Project("{FAE04EC0-301F-11D3-BF4B-00C04F79EFBC}") = "WpfApp1", "WpfApp1\WpfApp1.csproj", "{DB92A751-3AB8-4916-86F2-41DCAC545EB3}"
EndProject
Global
	GlobalSection(SolutionConfigurationPlatforms) = preSolution
		Debug|Any CPU = Debug|Any CPU
		Release|Any CPU = Release|Any CPU
	EndGlobalSection
	GlobalSection(ProjectConfigurationPlatforms) = postSolution
		{DB92A751-3AB8-4916-86F2-41DCAC545EB3}.Debug|Any CPU.ActiveCfg = Debug|Any CPU
		{DB92A751-3AB8-4916-86F2-41DCAC545EB3}.Debug|Any CPU.Build.0 = Debug|Any CPU
		{DB92A751-3AB8-4916-86F2-41DCAC545EB3}.Release|Any CPU.ActiveCfg = Release|Any CPU
		{DB92A751-3AB8-4916-86F2-41DCAC545EB3}.Release|Any CPU.Build.0 = Release|Any CPU
	EndGlobalSection
	GlobalSection(SolutionProperties) = preSolution
		HideSolutionNode = FALSE
	EndGlobalSection
	GlobalSection(ExtensibilityGlobals) = postSolution
		SolutionGuid = {33923229-8979-4767-8B55-408766090DD7}
	EndGlobalSection
EndGlobal
